{"filter":false,"title":"Gemfile.lock","tooltip":"/Bookers/Gemfile.lock","undoManager":{"mark":-1,"position":-1,"stack":[]},"ace":{"folds":[],"scrolltop":0,"scrollleft":0,"selection":{"start":{"row":0,"column":0},"end":{"row":0,"column":0},"isBackwards":false},"options":{"guessTabSize":true,"useWrapMode":false,"wrapToView":true},"firstLineState":0},"timestamp":1603700153592,"hash":"ae684897f61ee22f88d2bd2f40259c1e57a34d2f"}